PODS:
  - Alamofire (4.9.1)
  - SwiftDate (6.1.0)

DEPENDENCIES:
  - Alamofire
  - SwiftDate

SPEC REPOS:
  https://github.com/cocoapods/specs.git:
    - Alamofire
    - SwiftDate

SPEC CHECKSUMS:
  Alamofire: 85e8a02c69d6020a0d734f6054870d7ecb75cf18
  SwiftDate: fa2bb3962056bb44047b4b85a30044e5eae30b03

PODFILE CHECKSUM: b921f7dc4e2caf2b23dfe9426e5e535814a33473

COCOAPODS: 1.7.5
